
Microsoft Visual Studio Solution File, Format Version 12.00
# Visual Studio 2013
VisualStudioVersion = 12.0.31101.0
MinimumVisualStudioVersion = 10.0.40219.1
Project("{2150E333-8FDC-42A3-9474-1A3956D46DE8}") = "Interfaces", "Interfaces", "{291F523F-A2CE-4D95-857F-7A7A77CF8C7C}"
EndProject
Project("{2150E333-8FDC-42A3-9474-1A3956D46DE8}") = "BoundedContexts", "BoundedContexts", "{D38B4047-0596-43CD-BD79-9EC220F6CBB0}"
EndProject
Project("{FAE04EC0-301F-11D3-BF4B-00C04F79EFBC}") = "Application", "Application\Application.csproj", "{8C93EF07-83B5-44A0-84A6-46BBB9D0BCC5}"
EndProject
Project("{2150E333-8FDC-42A3-9474-1A3956D46DE8}") = "Shop", "Shop", "{A98B3E14-BF48-45EB-97F5-0D1E9DB5814B}"
EndProject
Project("{FAE04EC0-301F-11D3-BF4B-00C04F79EFBC}") = "Shop.Application", "Shop.Application\Shop.Application.csproj", "{6139443D-429F-42DB-B432-EFF809B9BC78}"
EndProject
Project("{FAE04EC0-301F-11D3-BF4B-00C04F79EFBC}") = "Shop.Domain", "Shop.Domain\Shop.Domain.csproj", "{84438027-B344-48DD-BDC6-06809B49F69F}"
EndProject
Project("{FAE04EC0-301F-11D3-BF4B-00C04F79EFBC}") = "Shop.Infrastructure", "Shop.Infrastructure\Shop.Infrastructure.csproj", "{D4629877-066F-4685-8831-7C903D5A7B23}"
EndProject
Project("{2150E333-8FDC-42A3-9474-1A3956D46DE8}") = "Tests", "Tests", "{E5C3812F-9806-44FD-BE35-7BCFB4434E3E}"
EndProject
Project("{2150E333-8FDC-42A3-9474-1A3956D46DE8}") = "UnitTests", "UnitTests", "{D05A4E8F-98DE-458A-BA80-33D6ACD2E1F4}"
EndProject
Project("{FAE04EC0-301F-11D3-BF4B-00C04F79EFBC}") = "Shop.Application.UnitTests", "Shop.Application.UnitTests\Shop.Application.UnitTests.csproj", "{3C358A41-F140-47E6-9540-C95CBC5E2362}"
EndProject
Project("{2150E333-8FDC-42A3-9474-1A3956D46DE8}") = "ObjectMothers", "ObjectMothers", "{0B5F1327-98E5-440D-AAB6-1E56F5F2C819}"
EndProject
Project("{FAE04EC0-301F-11D3-BF4B-00C04F79EFBC}") = "Shop.ObjectMothers", "Shop.ObjectMothers\Shop.ObjectMothers.csproj", "{EFD5218C-344B-4B60-946E-C630F242CA7F}"
EndProject
Global
	GlobalSection(SolutionConfigurationPlatforms) = preSolution
		Debug|Any CPU = Debug|Any CPU
		Release|Any CPU = Release|Any CPU
	EndGlobalSection
	GlobalSection(ProjectConfigurationPlatforms) = postSolution
		{8C93EF07-83B5-44A0-84A6-46BBB9D0BCC5}.Debug|Any CPU.ActiveCfg = Debug|Any CPU
		{8C93EF07-83B5-44A0-84A6-46BBB9D0BCC5}.Debug|Any CPU.Build.0 = Debug|Any CPU
		{8C93EF07-83B5-44A0-84A6-46BBB9D0BCC5}.Release|Any CPU.ActiveCfg = Release|Any CPU
		{8C93EF07-83B5-44A0-84A6-46BBB9D0BCC5}.Release|Any CPU.Build.0 = Release|Any CPU
		{6139443D-429F-42DB-B432-EFF809B9BC78}.Debug|Any CPU.ActiveCfg = Debug|Any CPU
		{6139443D-429F-42DB-B432-EFF809B9BC78}.Debug|Any CPU.Build.0 = Debug|Any CPU
		{6139443D-429F-42DB-B432-EFF809B9BC78}.Release|Any CPU.ActiveCfg = Release|Any CPU
		{6139443D-429F-42DB-B432-EFF809B9BC78}.Release|Any CPU.Build.0 = Release|Any CPU
		{84438027-B344-48DD-BDC6-06809B49F69F}.Debug|Any CPU.ActiveCfg = Debug|Any CPU
		{84438027-B344-48DD-BDC6-06809B49F69F}.Debug|Any CPU.Build.0 = Debug|Any CPU
		{84438027-B344-48DD-BDC6-06809B49F69F}.Release|Any CPU.ActiveCfg = Release|Any CPU
		{84438027-B344-48DD-BDC6-06809B49F69F}.Release|Any CPU.Build.0 = Release|Any CPU
		{D4629877-066F-4685-8831-7C903D5A7B23}.Debug|Any CPU.ActiveCfg = Debug|Any CPU
		{D4629877-066F-4685-8831-7C903D5A7B23}.Debug|Any CPU.Build.0 = Debug|Any CPU
		{D4629877-066F-4685-8831-7C903D5A7B23}.Release|Any CPU.ActiveCfg = Release|Any CPU
		{D4629877-066F-4685-8831-7C903D5A7B23}.Release|Any CPU.Build.0 = Release|Any CPU
		{3C358A41-F140-47E6-9540-C95CBC5E2362}.Debug|Any CPU.ActiveCfg = Debug|Any CPU
		{3C358A41-F140-47E6-9540-C95CBC5E2362}.Debug|Any CPU.Build.0 = Debug|Any CPU
		{3C358A41-F140-47E6-9540-C95CBC5E2362}.Release|Any CPU.ActiveCfg = Release|Any CPU
		{3C358A41-F140-47E6-9540-C95CBC5E2362}.Release|Any CPU.Build.0 = Release|Any CPU
		{EFD5218C-344B-4B60-946E-C630F242CA7F}.Debug|Any CPU.ActiveCfg = Debug|Any CPU
		{EFD5218C-344B-4B60-946E-C630F242CA7F}.Debug|Any CPU.Build.0 = Debug|Any CPU
		{EFD5218C-344B-4B60-946E-C630F242CA7F}.Release|Any CPU.ActiveCfg = Release|Any CPU
		{EFD5218C-344B-4B60-946E-C630F242CA7F}.Release|Any CPU.Build.0 = Release|Any CPU
	EndGlobalSection
	GlobalSection(SolutionProperties) = preSolution
		HideSolutionNode = FALSE
	EndGlobalSection
	GlobalSection(NestedProjects) = preSolution
		{8C93EF07-83B5-44A0-84A6-46BBB9D0BCC5} = {291F523F-A2CE-4D95-857F-7A7A77CF8C7C}
		{A98B3E14-BF48-45EB-97F5-0D1E9DB5814B} = {D38B4047-0596-43CD-BD79-9EC220F6CBB0}
		{6139443D-429F-42DB-B432-EFF809B9BC78} = {A98B3E14-BF48-45EB-97F5-0D1E9DB5814B}
		{84438027-B344-48DD-BDC6-06809B49F69F} = {A98B3E14-BF48-45EB-97F5-0D1E9DB5814B}
		{D4629877-066F-4685-8831-7C903D5A7B23} = {A98B3E14-BF48-45EB-97F5-0D1E9DB5814B}
		{D05A4E8F-98DE-458A-BA80-33D6ACD2E1F4} = {E5C3812F-9806-44FD-BE35-7BCFB4434E3E}
		{3C358A41-F140-47E6-9540-C95CBC5E2362} = {D05A4E8F-98DE-458A-BA80-33D6ACD2E1F4}
		{0B5F1327-98E5-440D-AAB6-1E56F5F2C819} = {E5C3812F-9806-44FD-BE35-7BCFB4434E3E}
		{EFD5218C-344B-4B60-946E-C630F242CA7F} = {0B5F1327-98E5-440D-AAB6-1E56F5F2C819}
	EndGlobalSection
EndGlobal
